
Microsoft Visual Studio Solution File, Format Version 12.00
# Visual Studio Version 17
VisualStudioVersion = 17.11.35312.102
MinimumVisualStudioVersion = 10.0.40219.1
Project("{8BC9CEB8-8B4A-11D0-8D11-00A0C91BC942}") = "ReadText", "ReadText\ReadText.vcxproj", "{FA560AE1-9BCB-408C-A72A-9497F8AA9CF0}"
EndProject
Project("{8BC9CEB8-8B4A-11D0-8D11-00A0C91BC942}") = "Password", "Password\Password.vcxproj", "{3C4B6A88-953E-4CD5-9062-378BD759C44E}"
EndProject
Project("{8BC9CEB8-8B4A-11D0-8D11-00A0C91BC942}") = "SumNumbers", "SumNumbers\SumNumbers.vcxproj", "{82B7C9BA-A452-49D2-AF20-27C7DC9F4F49}"
EndProject
Project("{8BC9CEB8-8B4A-11D0-8D11-00A0C91BC942}") = "Sequence2kAdd1", "Sequence2kAdd1\Sequence2kAdd1.vcxproj", "{A5826836-1198-4EEC-BFB3-24471EB52E4C}"
EndProject
Project("{8BC9CEB8-8B4A-11D0-8D11-00A0C91BC942}") = "AccountBalance", "AccountBalance\AccountBalance.vcxproj", "{12E01CFB-0571-44EA-8544-8F89FEA0E680}"
EndProject
Project("{8BC9CEB8-8B4A-11D0-8D11-00A0C91BC942}") = "MaxNumber", "MaxNumber\MaxNumber.vcxproj", "{86022765-ED91-4A4A-A4E5-0924F69071E6}"
EndProject
Project("{8BC9CEB8-8B4A-11D0-8D11-00A0C91BC942}") = "MinNumber", "MinNumber\MinNumber.vcxproj", "{D7566EE1-6A86-482C-94E6-AB6F16483636}"
EndProject
Project("{8BC9CEB8-8B4A-11D0-8D11-00A0C91BC942}") = "Graduation", "Graduation\Graduation.vcxproj", "{F643DD50-6E29-432B-83E3-4BA701A7F942}"
EndProject
Project("{8BC9CEB8-8B4A-11D0-8D11-00A0C91BC942}") = "OldBooks", "OldBooks\OldBooks.vcxproj", "{8C7EE8B2-FA8E-4CAD-A44E-962172FA6D05}"
EndProject
Project("{8BC9CEB8-8B4A-11D0-8D11-00A0C91BC942}") = "ExamPreparation", "ExamPreparation\ExamPreparation.vcxproj", "{9AB44F42-4F17-4948-A5C3-F7E36CB87453}"
EndProject
Project("{8BC9CEB8-8B4A-11D0-8D11-00A0C91BC942}") = "Vacation", "Vacation\Vacation.vcxproj", "{8EEDC886-085A-4B1E-9FB8-D82438550DAE}"
EndProject
Project("{8BC9CEB8-8B4A-11D0-8D11-00A0C91BC942}") = "Walking", "Walking\Walking.vcxproj", "{576111EE-EE66-4C50-B94F-7AA176E75061}"
EndProject
Project("{8BC9CEB8-8B4A-11D0-8D11-00A0C91BC942}") = "Coins", "Coins\Coins.vcxproj", "{E2F13600-0569-45D7-B49E-50821D55BEBA}"
EndProject
Project("{8BC9CEB8-8B4A-11D0-8D11-00A0C91BC942}") = "Cake", "Cake\Cake.vcxproj", "{6DE545AD-9BD2-4221-8F87-EC4A50A8D70E}"
EndProject
Project("{8BC9CEB8-8B4A-11D0-8D11-00A0C91BC942}") = "Moving", "Moving\Moving.vcxproj", "{A37E5E06-6E38-4C4B-A5F3-745AD46903CE}"
EndProject
Project("{8BC9CEB8-8B4A-11D0-8D11-00A0C91BC942}") = "Dishwasher", "Dishwasher\Dishwasher.vcxproj", "{69C5837F-01FC-43EE-970C-616A1CC8C712}"
EndProject
Project("{8BC9CEB8-8B4A-11D0-8D11-00A0C91BC942}") = "Dishwasher2", "Dishwasher2\Dishwasher2.vcxproj", "{E7902C89-EA59-4DCC-9748-377B6E2AEAD9}"
EndProject
Project("{8BC9CEB8-8B4A-11D0-8D11-00A0C91BC942}") = "ReportSystem", "ReportSystem\ReportSystem.vcxproj", "{3BCA36D8-BB97-45C4-8D38-C7078997C080}"
EndProject
Global
	GlobalSection(SolutionConfigurationPlatforms) = preSolution
		Debug|x64 = Debug|x64
		Debug|x86 = Debug|x86
		Release|x64 = Release|x64
		Release|x86 = Release|x86
	EndGlobalSection
	GlobalSection(ProjectConfigurationPlatforms) = postSolution
		{FA560AE1-9BCB-408C-A72A-9497F8AA9CF0}.Debug|x64.ActiveCfg = Debug|x64
		{FA560AE1-9BCB-408C-A72A-9497F8AA9CF0}.Debug|x64.Build.0 = Debug|x64
		{FA560AE1-9BCB-408C-A72A-9497F8AA9CF0}.Debug|x86.ActiveCfg = Debug|Win32
		{FA560AE1-9BCB-408C-A72A-9497F8AA9CF0}.Debug|x86.Build.0 = Debug|Win32
		{FA560AE1-9BCB-408C-A72A-9497F8AA9CF0}.Release|x64.ActiveCfg = Release|x64
		{FA560AE1-9BCB-408C-A72A-9497F8AA9CF0}.Release|x64.Build.0 = Release|x64
		{FA560AE1-9BCB-408C-A72A-9497F8AA9CF0}.Release|x86.ActiveCfg = Release|Win32
		{FA560AE1-9BCB-408C-A72A-9497F8AA9CF0}.Release|x86.Build.0 = Release|Win32
		{3C4B6A88-953E-4CD5-9062-378BD759C44E}.Debug|x64.ActiveCfg = Debug|x64
		{3C4B6A88-953E-4CD5-9062-378BD759C44E}.Debug|x64.Build.0 = Debug|x64
		{3C4B6A88-953E-4CD5-9062-378BD759C44E}.Debug|x86.ActiveCfg = Debug|Win32
		{3C4B6A88-953E-4CD5-9062-378BD759C44E}.Debug|x86.Build.0 = Debug|Win32
		{3C4B6A88-953E-4CD5-9062-378BD759C44E}.Release|x64.ActiveCfg = Release|x64
		{3C4B6A88-953E-4CD5-9062-378BD759C44E}.Release|x64.Build.0 = Release|x64
		{3C4B6A88-953E-4CD5-9062-378BD759C44E}.Release|x86.ActiveCfg = Release|Win32
		{3C4B6A88-953E-4CD5-9062-378BD759C44E}.Release|x86.Build.0 = Release|Win32
		{82B7C9BA-A452-49D2-AF20-27C7DC9F4F49}.Debug|x64.ActiveCfg = Debug|x64
		{82B7C9BA-A452-49D2-AF20-27C7DC9F4F49}.Debug|x64.Build.0 = Debug|x64
		{82B7C9BA-A452-49D2-AF20-27C7DC9F4F49}.Debug|x86.ActiveCfg = Debug|Win32
		{82B7C9BA-A452-49D2-AF20-27C7DC9F4F49}.Debug|x86.Build.0 = Debug|Win32
		{82B7C9BA-A452-49D2-AF20-27C7DC9F4F49}.Release|x64.ActiveCfg = Release|x64
		{82B7C9BA-A452-49D2-AF20-27C7DC9F4F49}.Release|x64.Build.0 = Release|x64
		{82B7C9BA-A452-49D2-AF20-27C7DC9F4F49}.Release|x86.ActiveCfg = Release|Win32
		{82B7C9BA-A452-49D2-AF20-27C7DC9F4F49}.Release|x86.Build.0 = Release|Win32
		{A5826836-1198-4EEC-BFB3-24471EB52E4C}.Debug|x64.ActiveCfg = Debug|x64
		{A5826836-1198-4EEC-BFB3-24471EB52E4C}.Debug|x64.Build.0 = Debug|x64
		{A5826836-1198-4EEC-BFB3-24471EB52E4C}.Debug|x86.ActiveCfg = Debug|Win32
		{A5826836-1198-4EEC-BFB3-24471EB52E4C}.Debug|x86.Build.0 = Debug|Win32
		{A5826836-1198-4EEC-BFB3-24471EB52E4C}.Release|x64.ActiveCfg = Release|x64
		{A5826836-1198-4EEC-BFB3-24471EB52E4C}.Release|x64.Build.0 = Release|x64
		{A5826836-1198-4EEC-BFB3-24471EB52E4C}.Release|x86.ActiveCfg = Release|Win32
		{A5826836-1198-4EEC-BFB3-24471EB52E4C}.Release|x86.Build.0 = Release|Win32
		{12E01CFB-0571-44EA-8544-8F89FEA0E680}.Debug|x64.ActiveCfg = Debug|x64
		{12E01CFB-0571-44EA-8544-8F89FEA0E680}.Debug|x64.Build.0 = Debug|x64
		{12E01CFB-0571-44EA-8544-8F89FEA0E680}.Debug|x86.ActiveCfg = Debug|Win32
		{12E01CFB-0571-44EA-8544-8F89FEA0E680}.Debug|x86.Build.0 = Debug|Win32
		{12E01CFB-0571-44EA-8544-8F89FEA0E680}.Release|x64.ActiveCfg = Release|x64
		{12E01CFB-0571-44EA-8544-8F89FEA0E680}.Release|x64.Build.0 = Release|x64
		{12E01CFB-0571-44EA-8544-8F89FEA0E680}.Release|x86.ActiveCfg = Release|Win32
		{12E01CFB-0571-44EA-8544-8F89FEA0E680}.Release|x86.Build.0 = Release|Win32
		{86022765-ED91-4A4A-A4E5-0924F69071E6}.Debug|x64.ActiveCfg = Debug|x64
		{86022765-ED91-4A4A-A4E5-0924F69071E6}.Debug|x64.Build.0 = Debug|x64
		{86022765-ED91-4A4A-A4E5-0924F69071E6}.Debug|x86.ActiveCfg = Debug|Win32
		{86022765-ED91-4A4A-A4E5-0924F69071E6}.Debug|x86.Build.0 = Debug|Win32
		{86022765-ED91-4A4A-A4E5-0924F69071E6}.Release|x64.ActiveCfg = Release|x64
		{86022765-ED91-4A4A-A4E5-0924F69071E6}.Release|x64.Build.0 = Release|x64
		{86022765-ED91-4A4A-A4E5-0924F69071E6}.Release|x86.ActiveCfg = Release|Win32
		{86022765-ED91-4A4A-A4E5-0924F69071E6}.Release|x86.Build.0 = Release|Win32
		{D7566EE1-6A86-482C-94E6-AB6F16483636}.Debug|x64.ActiveCfg = Debug|x64
		{D7566EE1-6A86-482C-94E6-AB6F16483636}.Debug|x64.Build.0 = Debug|x64
		{D7566EE1-6A86-482C-94E6-AB6F16483636}.Debug|x86.ActiveCfg = Debug|Win32
		{D7566EE1-6A86-482C-94E6-AB6F16483636}.Debug|x86.Build.0 = Debug|Win32
		{D7566EE1-6A86-482C-94E6-AB6F16483636}.Release|x64.ActiveCfg = Release|x64
		{D7566EE1-6A86-482C-94E6-AB6F16483636}.Release|x64.Build.0 = Release|x64
		{D7566EE1-6A86-482C-94E6-AB6F16483636}.Release|x86.ActiveCfg = Release|Win32
		{D7566EE1-6A86-482C-94E6-AB6F16483636}.Release|x86.Build.0 = Release|Win32
		{F643DD50-6E29-432B-83E3-4BA701A7F942}.Debug|x64.ActiveCfg = Debug|x64
		{F643DD50-6E29-432B-83E3-4BA701A7F942}.Debug|x64.Build.0 = Debug|x64
		{F643DD50-6E29-432B-83E3-4BA701A7F942}.Debug|x86.ActiveCfg = Debug|Win32
		{F643DD50-6E29-432B-83E3-4BA701A7F942}.Debug|x86.Build.0 = Debug|Win32
		{F643DD50-6E29-432B-83E3-4BA701A7F942}.Release|x64.ActiveCfg = Release|x64
		{F643DD50-6E29-432B-83E3-4BA701A7F942}.Release|x64.Build.0 = Release|x64
		{F643DD50-6E29-432B-83E3-4BA701A7F942}.Release|x86.ActiveCfg = Release|Win32
		{F643DD50-6E29-432B-83E3-4BA701A7F942}.Release|x86.Build.0 = Release|Win32
		{8C7EE8B2-FA8E-4CAD-A44E-962172FA6D05}.Debug|x64.ActiveCfg = Debug|x64
		{8C7EE8B2-FA8E-4CAD-A44E-962172FA6D05}.Debug|x64.Build.0 = Debug|x64
		{8C7EE8B2-FA8E-4CAD-A44E-962172FA6D05}.Debug|x86.ActiveCfg = Debug|Win32
		{8C7EE8B2-FA8E-4CAD-A44E-962172FA6D05}.Debug|x86.Build.0 = Debug|Win32
		{8C7EE8B2-FA8E-4CAD-A44E-962172FA6D05}.Release|x64.ActiveCfg = Release|x64
		{8C7EE8B2-FA8E-4CAD-A44E-962172FA6D05}.Release|x64.Build.0 = Release|x64
		{8C7EE8B2-FA8E-4CAD-A44E-962172FA6D05}.Release|x86.ActiveCfg = Release|Win32
		{8C7EE8B2-FA8E-4CAD-A44E-962172FA6D05}.Release|x86.Build.0 = Release|Win32
		{9AB44F42-4F17-4948-A5C3-F7E36CB87453}.Debug|x64.ActiveCfg = Debug|x64
		{9AB44F42-4F17-4948-A5C3-F7E36CB87453}.Debug|x64.Build.0 = Debug|x64
		{9AB44F42-4F17-4948-A5C3-F7E36CB87453}.Debug|x86.ActiveCfg = Debug|Win32
		{9AB44F42-4F17-4948-A5C3-F7E36CB87453}.Debug|x86.Build.0 = Debug|Win32
		{9AB44F42-4F17-4948-A5C3-F7E36CB87453}.Release|x64.ActiveCfg = Release|x64
		{9AB44F42-4F17-4948-A5C3-F7E36CB87453}.Release|x64.Build.0 = Release|x64
		{9AB44F42-4F17-4948-A5C3-F7E36CB87453}.Release|x86.ActiveCfg = Release|Win32
		{9AB44F42-4F17-4948-A5C3-F7E36CB87453}.Release|x86.Build.0 = Release|Win32
		{8EEDC886-085A-4B1E-9FB8-D82438550DAE}.Debug|x64.ActiveCfg = Debug|x64
		{8EEDC886-085A-4B1E-9FB8-D82438550DAE}.Debug|x64.Build.0 = Debug|x64
		{8EEDC886-085A-4B1E-9FB8-D82438550DAE}.Debug|x86.ActiveCfg = Debug|Win32
		{8EEDC886-085A-4B1E-9FB8-D82438550DAE}.Debug|x86.Build.0 = Debug|Win32
		{8EEDC886-085A-4B1E-9FB8-D82438550DAE}.Release|x64.ActiveCfg = Release|x64
		{8EEDC886-085A-4B1E-9FB8-D82438550DAE}.Release|x64.Build.0 = Release|x64
		{8EEDC886-085A-4B1E-9FB8-D82438550DAE}.Release|x86.ActiveCfg = Release|Win32
		{8EEDC886-085A-4B1E-9FB8-D82438550DAE}.Release|x86.Build.0 = Release|Win32
		{576111EE-EE66-4C50-B94F-7AA176E75061}.Debug|x64.ActiveCfg = Debug|x64
		{576111EE-EE66-4C50-B94F-7AA176E75061}.Debug|x64.Build.0 = Debug|x64
		{576111EE-EE66-4C50-B94F-7AA176E75061}.Debug|x86.ActiveCfg = Debug|Win32
		{576111EE-EE66-4C50-B94F-7AA176E75061}.Debug|x86.Build.0 = Debug|Win32
		{576111EE-EE66-4C50-B94F-7AA176E75061}.Release|x64.ActiveCfg = Release|x64
		{576111EE-EE66-4C50-B94F-7AA176E75061}.Release|x64.Build.0 = Release|x64
		{576111EE-EE66-4C50-B94F-7AA176E75061}.Release|x86.ActiveCfg = Release|Win32
		{576111EE-EE66-4C50-B94F-7AA176E75061}.Release|x86.Build.0 = Release|Win32
		{E2F13600-0569-45D7-B49E-50821D55BEBA}.Debug|x64.ActiveCfg = Debug|x64
		{E2F13600-0569-45D7-B49E-50821D55BEBA}.Debug|x64.Build.0 = Debug|x64
		{E2F13600-0569-45D7-B49E-50821D55BEBA}.Debug|x86.ActiveCfg = Debug|Win32
		{E2F13600-0569-45D7-B49E-50821D55BEBA}.Debug|x86.Build.0 = Debug|Win32
		{E2F13600-0569-45D7-B49E-50821D55BEBA}.Release|x64.ActiveCfg = Release|x64
		{E2F13600-0569-45D7-B49E-50821D55BEBA}.Release|x64.Build.0 = Release|x64
		{E2F13600-0569-45D7-B49E-50821D55BEBA}.Release|x86.ActiveCfg = Release|Win32
		{E2F13600-0569-45D7-B49E-50821D55BEBA}.Release|x86.Build.0 = Release|Win32
		{6DE545AD-9BD2-4221-8F87-EC4A50A8D70E}.Debug|x64.ActiveCfg = Debug|x64
		{6DE545AD-9BD2-4221-8F87-EC4A50A8D70E}.Debug|x64.Build.0 = Debug|x64
		{6DE545AD-9BD2-4221-8F87-EC4A50A8D70E}.Debug|x86.ActiveCfg = Debug|Win32
		{6DE545AD-9BD2-4221-8F87-EC4A50A8D70E}.Debug|x86.Build.0 = Debug|Win32
		{6DE545AD-9BD2-4221-8F87-EC4A50A8D70E}.Release|x64.ActiveCfg = Release|x64
		{6DE545AD-9BD2-4221-8F87-EC4A50A8D70E}.Release|x64.Build.0 = Release|x64
		{6DE545AD-9BD2-4221-8F87-EC4A50A8D70E}.Release|x86.ActiveCfg = Release|Win32
		{6DE545AD-9BD2-4221-8F87-EC4A50A8D70E}.Release|x86.Build.0 = Release|Win32
		{A37E5E06-6E38-4C4B-A5F3-745AD46903CE}.Debug|x64.ActiveCfg = Debug|x64
		{A37E5E06-6E38-4C4B-A5F3-745AD46903CE}.Debug|x64.Build.0 = Debug|x64
		{A37E5E06-6E38-4C4B-A5F3-745AD46903CE}.Debug|x86.ActiveCfg = Debug|Win32
		{A37E5E06-6E38-4C4B-A5F3-745AD46903CE}.Debug|x86.Build.0 = Debug|Win32
		{A37E5E06-6E38-4C4B-A5F3-745AD46903CE}.Release|x64.ActiveCfg = Release|x64
		{A37E5E06-6E38-4C4B-A5F3-745AD46903CE}.Release|x64.Build.0 = Release|x64
		{A37E5E06-6E38-4C4B-A5F3-745AD46903CE}.Release|x86.ActiveCfg = Release|Win32
		{A37E5E06-6E38-4C4B-A5F3-745AD46903CE}.Release|x86.Build.0 = Release|Win32
		{69C5837F-01FC-43EE-970C-616A1CC8C712}.Debug|x64.ActiveCfg = Debug|x64
		{69C5837F-01FC-43EE-970C-616A1CC8C712}.Debug|x64.Build.0 = Debug|x64
		{69C5837F-01FC-43EE-970C-616A1CC8C712}.Debug|x86.ActiveCfg = Debug|Win32
		{69C5837F-01FC-43EE-970C-616A1CC8C712}.Debug|x86.Build.0 = Debug|Win32
		{69C5837F-01FC-43EE-970C-616A1CC8C712}.Release|x64.ActiveCfg = Release|x64
		{69C5837F-01FC-43EE-970C-616A1CC8C712}.Release|x64.Build.0 = Release|x64
		{69C5837F-01FC-43EE-970C-616A1CC8C712}.Release|x86.ActiveCfg = Release|Win32
		{69C5837F-01FC-43EE-970C-616A1CC8C712}.Release|x86.Build.0 = Release|Win32
		{E7902C89-EA59-4DCC-9748-377B6E2AEAD9}.Debug|x64.ActiveCfg = Debug|x64
		{E7902C89-EA59-4DCC-9748-377B6E2AEAD9}.Debug|x64.Build.0 = Debug|x64
		{E7902C89-EA59-4DCC-9748-377B6E2AEAD9}.Debug|x86.ActiveCfg = Debug|Win32
		{E7902C89-EA59-4DCC-9748-377B6E2AEAD9}.Debug|x86.Build.0 = Debug|Win32
		{E7902C89-EA59-4DCC-9748-377B6E2AEAD9}.Release|x64.ActiveCfg = Release|x64
		{E7902C89-EA59-4DCC-9748-377B6E2AEAD9}.Release|x64.Build.0 = Release|x64
		{E7902C89-EA59-4DCC-9748-377B6E2AEAD9}.Release|x86.ActiveCfg = Release|Win32
		{E7902C89-EA59-4DCC-9748-377B6E2AEAD9}.Release|x86.Build.0 = Release|Win32
		{3BCA36D8-BB97-45C4-8D38-C7078997C080}.Debug|x64.ActiveCfg = Debug|x64
		{3BCA36D8-BB97-45C4-8D38-C7078997C080}.Debug|x64.Build.0 = Debug|x64
		{3BCA36D8-BB97-45C4-8D38-C7078997C080}.Debug|x86.ActiveCfg = Debug|Win32
		{3BCA36D8-BB97-45C4-8D38-C7078997C080}.Debug|x86.Build.0 = Debug|Win32
		{3BCA36D8-BB97-45C4-8D38-C7078997C080}.Release|x64.ActiveCfg = Release|x64
		{3BCA36D8-BB97-45C4-8D38-C7078997C080}.Release|x64.Build.0 = Release|x64
		{3BCA36D8-BB97-45C4-8D38-C7078997C080}.Release|x86.ActiveCfg = Release|Win32
		{3BCA36D8-BB97-45C4-8D38-C7078997C080}.Release|x86.Build.0 = Release|Win32
	EndGlobalSection
	GlobalSection(SolutionProperties) = preSolution
		HideSolutionNode = FALSE
	EndGlobalSection
	GlobalSection(ExtensibilityGlobals) = postSolution
		SolutionGuid = {203478C7-224C-456A-8FAA-067717B46E78}
	EndGlobalSection
EndGlobal
